
Microsoft Visual Studio Solution File, Format Version 12.00
# Visual Studio 15
VisualStudioVersion = 15.0.28307.539
MinimumVisualStudioVersion = 10.0.40219.1
Project("{FAE04EC0-301F-11D3-BF4B-00C04F79EFBC}") = "ServerBattleJEARCE", "ServerBattleJEARCE\ServerBattleJEARCE.csproj", "{F61E7B19-A105-47E7-A7B4-E5F5660CE8B7}"
EndProject
Project("{FAE04EC0-301F-11D3-BF4B-00C04F79EFBC}") = "ClientTest", "ClientTest\ClientTest.csproj", "{694645D3-1E23-4EA2-A69B-FD02979DE959}"
EndProject
Project("{FAE04EC0-301F-11D3-BF4B-00C04F79EFBC}") = "SerialFunction", "SerialFunction\SerialFunction.csproj", "{D50ED660-8175-4120-B830-65F1C2E77874}"
EndProject
Global
	GlobalSection(SolutionConfigurationPlatforms) = preSolution
		Debug|Any CPU = Debug|Any CPU
		Release|Any CPU = Release|Any CPU
	EndGlobalSection
	GlobalSection(ProjectConfigurationPlatforms) = postSolution
		{F61E7B19-A105-47E7-A7B4-E5F5660CE8B7}.Debug|Any CPU.ActiveCfg = Debug|Any CPU
		{F61E7B19-A105-47E7-A7B4-E5F5660CE8B7}.Debug|Any CPU.Build.0 = Debug|Any CPU
		{F61E7B19-A105-47E7-A7B4-E5F5660CE8B7}.Release|Any CPU.ActiveCfg = Release|Any CPU
		{F61E7B19-A105-47E7-A7B4-E5F5660CE8B7}.Release|Any CPU.Build.0 = Release|Any CPU
		{694645D3-1E23-4EA2-A69B-FD02979DE959}.Debug|Any CPU.ActiveCfg = Debug|Any CPU
		{694645D3-1E23-4EA2-A69B-FD02979DE959}.Debug|Any CPU.Build.0 = Debug|Any CPU
		{694645D3-1E23-4EA2-A69B-FD02979DE959}.Release|Any CPU.ActiveCfg = Release|Any CPU
		{694645D3-1E23-4EA2-A69B-FD02979DE959}.Release|Any CPU.Build.0 = Release|Any CPU
		{D50ED660-8175-4120-B830-65F1C2E77874}.Debug|Any CPU.ActiveCfg = Debug|Any CPU
		{D50ED660-8175-4120-B830-65F1C2E77874}.Debug|Any CPU.Build.0 = Debug|Any CPU
		{D50ED660-8175-4120-B830-65F1C2E77874}.Release|Any CPU.ActiveCfg = Release|Any CPU
		{D50ED660-8175-4120-B830-65F1C2E77874}.Release|Any CPU.Build.0 = Release|Any CPU
	EndGlobalSection
	GlobalSection(SolutionProperties) = preSolution
		HideSolutionNode = FALSE
	EndGlobalSection
	GlobalSection(ExtensibilityGlobals) = postSolution
		SolutionGuid = {1029055A-98B2-46C1-9277-89ADF8940FAE}
	EndGlobalSection
EndGlobal
